
Microsoft Visual Studio Solution File, Format Version 12.00
# Visual Studio Version 16
VisualStudioVersion = 16.0.30413.136
MinimumVisualStudioVersion = 10.0.40219.1
Project("{8BC9CEB8-8B4A-11D0-8D11-00A0C91BC942}") = "2주차_정렬", "2주차_정렬.vcxproj", "{9813E1AE-5A33-45DF-8C29-F760E250A14E}"
EndProject
Project("{8BC9CEB8-8B4A-11D0-8D11-00A0C91BC942}") = "01_2750_수 정렬하기", "..\01_2750_수 정렬하기\01_2750_수 정렬하기.vcxproj", "{655E0266-5AF1-4B93-8DA9-611622AE01A8}"
EndProject
Global
	GlobalSection(SolutionConfigurationPlatforms) = preSolution
		Debug|x64 = Debug|x64
		Debug|x86 = Debug|x86
		Release|x64 = Release|x64
		Release|x86 = Release|x86
	EndGlobalSection
	GlobalSection(ProjectConfigurationPlatforms) = postSolution
		{9813E1AE-5A33-45DF-8C29-F760E250A14E}.Debug|x64.ActiveCfg = Debug|x64
		{9813E1AE-5A33-45DF-8C29-F760E250A14E}.Debug|x64.Build.0 = Debug|x64
		{9813E1AE-5A33-45DF-8C29-F760E250A14E}.Debug|x86.ActiveCfg = Debug|Win32
		{9813E1AE-5A33-45DF-8C29-F760E250A14E}.Debug|x86.Build.0 = Debug|Win32
		{9813E1AE-5A33-45DF-8C29-F760E250A14E}.Release|x64.ActiveCfg = Release|x64
		{9813E1AE-5A33-45DF-8C29-F760E250A14E}.Release|x64.Build.0 = Release|x64
		{9813E1AE-5A33-45DF-8C29-F760E250A14E}.Release|x86.ActiveCfg = Release|Win32
		{9813E1AE-5A33-45DF-8C29-F760E250A14E}.Release|x86.Build.0 = Release|Win32
		{655E0266-5AF1-4B93-8DA9-611622AE01A8}.Debug|x64.ActiveCfg = Debug|x64
		{655E0266-5AF1-4B93-8DA9-611622AE01A8}.Debug|x64.Build.0 = Debug|x64
		{655E0266-5AF1-4B93-8DA9-611622AE01A8}.Debug|x86.ActiveCfg = Debug|Win32
		{655E0266-5AF1-4B93-8DA9-611622AE01A8}.Debug|x86.Build.0 = Debug|Win32
		{655E0266-5AF1-4B93-8DA9-611622AE01A8}.Release|x64.ActiveCfg = Release|x64
		{655E0266-5AF1-4B93-8DA9-611622AE01A8}.Release|x64.Build.0 = Release|x64
		{655E0266-5AF1-4B93-8DA9-611622AE01A8}.Release|x86.ActiveCfg = Release|Win32
		{655E0266-5AF1-4B93-8DA9-611622AE01A8}.Release|x86.Build.0 = Release|Win32
	EndGlobalSection
	GlobalSection(SolutionProperties) = preSolution
		HideSolutionNode = FALSE
	EndGlobalSection
	GlobalSection(ExtensibilityGlobals) = postSolution
		SolutionGuid = {5597335E-0AE0-46E0-8636-F9C3D5407417}
	EndGlobalSection
EndGlobal
